
Microsoft Visual Studio Solution File, Format Version 12.00
# Visual Studio Version 16
VisualStudioVersion = 16.0.30717.126
MinimumVisualStudioVersion = 10.0.40219.1
Project("{FAE04EC0-301F-11D3-BF4B-00C04F79EFBC}") = "ContosoUniversity", "ContosoUniversity\ContosoUniversity.csproj", "{B0AE1528-8881-43AF-AD05-F1288CA60F03}"
EndProject
Global
	GlobalSection(SolutionConfigurationPlatforms) = preSolution
		Debug|Any CPU = Debug|Any CPU
		Release|Any CPU = Release|Any CPU
	EndGlobalSection
	GlobalSection(ProjectConfigurationPlatforms) = postSolution
		{B0AE1528-8881-43AF-AD05-F1288CA60F03}.Debug|Any CPU.ActiveCfg = Debug|Any CPU
		{B0AE1528-8881-43AF-AD05-F1288CA60F03}.Debug|Any CPU.Build.0 = Debug|Any CPU
		{B0AE1528-8881-43AF-AD05-F1288CA60F03}.Release|Any CPU.ActiveCfg = Release|Any CPU
		{B0AE1528-8881-43AF-AD05-F1288CA60F03}.Release|Any CPU.Build.0 = Release|Any CPU
	EndGlobalSection
	GlobalSection(SolutionProperties) = preSolution
		HideSolutionNode = FALSE
	EndGlobalSection
	GlobalSection(ExtensibilityGlobals) = postSolution
		SolutionGuid = {74707B4F-81ED-4325-B3A3-D3CDB9794EE0}
	EndGlobalSection
EndGlobal
